
Microsoft Visual Studio Solution File, Format Version 12.00
# Visual Studio Version 17
VisualStudioVersion = 17.1.32319.34
MinimumVisualStudioVersion = 10.0.40219.1
Project("{FAE04EC0-301F-11D3-BF4B-00C04F79EFBC}") = "WpfAppCurrency", "WpfAppCurrency\WpfAppCurrency.csproj", "{397F04BD-2503-477B-B117-0757515BF004}"
EndProject
Global
	GlobalSection(SolutionConfigurationPlatforms) = preSolution
		Debug|Any CPU = Debug|Any CPU
		Release|Any CPU = Release|Any CPU
	EndGlobalSection
	GlobalSection(ProjectConfigurationPlatforms) = postSolution
		{397F04BD-2503-477B-B117-0757515BF004}.Debug|Any CPU.ActiveCfg = Debug|Any CPU
		{397F04BD-2503-477B-B117-0757515BF004}.Debug|Any CPU.Build.0 = Debug|Any CPU
		{397F04BD-2503-477B-B117-0757515BF004}.Release|Any CPU.ActiveCfg = Release|Any CPU
		{397F04BD-2503-477B-B117-0757515BF004}.Release|Any CPU.Build.0 = Release|Any CPU
	EndGlobalSection
	GlobalSection(SolutionProperties) = preSolution
		HideSolutionNode = FALSE
	EndGlobalSection
	GlobalSection(ExtensibilityGlobals) = postSolution
		SolutionGuid = {E27DABC4-CBD7-4A18-BFE9-0B6B32226BFC}
	EndGlobalSection
EndGlobal
